
Microsoft Visual Studio Solution File, Format Version 11.00
# Visual Studio 2010
Project("{FAE04EC0-301F-11D3-BF4B-00C04F79EFBC}") = "UnityEngine.UI", "UnityEngine.UI.csproj", "{aac7be06-b169-bbb5-6853-7532218590f2}"
EndProject
Project("{FAE04EC0-301F-11D3-BF4B-00C04F79EFBC}") = "UnityEngine.TestRunner", "UnityEngine.TestRunner.csproj", "{9fd4e8ff-663a-0303-9560-8ee4442e52cc}"
EndProject
Project("{FAE04EC0-301F-11D3-BF4B-00C04F79EFBC}") = "Unity.TextMeshPro", "Unity.TextMeshPro.csproj", "{6be9447e-1a91-93ae-07b5-2aea8b9579ed}"
EndProject
Project("{FAE04EC0-301F-11D3-BF4B-00C04F79EFBC}") = "Unity.Timeline", "Unity.Timeline.csproj", "{240af3c8-72a4-8022-9dee-e8c8d4098056}"
EndProject
Project("{FAE04EC0-301F-11D3-BF4B-00C04F79EFBC}") = "Ink-Libraries", "Ink-Libraries.csproj", "{94b0ed4f-29b7-8885-8564-190cdd411db2}"
EndProject
Project("{FAE04EC0-301F-11D3-BF4B-00C04F79EFBC}") = "NavMeshComponents", "NavMeshComponents.csproj", "{0c0f7282-5741-1014-00f8-3146e464cdd4}"
EndProject
Project("{FAE04EC0-301F-11D3-BF4B-00C04F79EFBC}") = "Assembly-CSharp", "Assembly-CSharp.csproj", "{b794ec55-f6bf-4b87-e6cd-bae307ea6dbe}"
EndProject
Project("{FAE04EC0-301F-11D3-BF4B-00C04F79EFBC}") = "UnityEditor.TestRunner", "UnityEditor.TestRunner.csproj", "{4a7eaf08-9b3d-6d6a-ec38-45b02e9fce60}"
EndProject
Project("{FAE04EC0-301F-11D3-BF4B-00C04F79EFBC}") = "Unity.TextMeshPro.Editor", "Unity.TextMeshPro.Editor.csproj", "{6ded94d2-545c-9892-2670-e412d752672a}"
EndProject
Project("{FAE04EC0-301F-11D3-BF4B-00C04F79EFBC}") = "Unity.Timeline.Editor", "Unity.Timeline.Editor.csproj", "{2959f8d1-ac71-21ce-f86a-05ceb107325c}"
EndProject
Project("{FAE04EC0-301F-11D3-BF4B-00C04F79EFBC}") = "Unity.2D.Sprite.Editor", "Unity.2D.Sprite.Editor.csproj", "{5d591d08-26da-5fa1-c749-42b725da6b01}"
EndProject
Project("{FAE04EC0-301F-11D3-BF4B-00C04F79EFBC}") = "UnityEditor.UI", "UnityEditor.UI.csproj", "{a89dff4f-48e5-32c5-fea5-64cc90d66951}"
EndProject
Project("{FAE04EC0-301F-11D3-BF4B-00C04F79EFBC}") = "NavMeshComponentsEditor", "NavMeshComponentsEditor.csproj", "{312a23c3-57d8-39cb-775e-9d9111c84ede}"
EndProject
Project("{FAE04EC0-301F-11D3-BF4B-00C04F79EFBC}") = "Unity.Rider.Editor", "Unity.Rider.Editor.csproj", "{8031a48a-8896-5957-74a3-9f7bf2856227}"
EndProject
Project("{FAE04EC0-301F-11D3-BF4B-00C04F79EFBC}") = "Unity.2D.Tilemap.Editor", "Unity.2D.Tilemap.Editor.csproj", "{685b59fa-0d1f-cfb8-d0ea-157a9341c55b}"
EndProject
Project("{FAE04EC0-301F-11D3-BF4B-00C04F79EFBC}") = "Unity.CollabProxy.Editor", "Unity.CollabProxy.Editor.csproj", "{8c8e6e55-9514-9832-bca0-b2dfe1f09afa}"
EndProject
Project("{FAE04EC0-301F-11D3-BF4B-00C04F79EFBC}") = "InkEditor", "InkEditor.csproj", "{d0bc9b41-78d3-ea0d-3f03-d2cc33bad13d}"
EndProject
Project("{FAE04EC0-301F-11D3-BF4B-00C04F79EFBC}") = "Unity.VSCode.Editor", "Unity.VSCode.Editor.csproj", "{734430ac-2467-b57c-a6ad-6050434eab3b}"
EndProject
Project("{FAE04EC0-301F-11D3-BF4B-00C04F79EFBC}") = "Assembly-CSharp-Editor", "Assembly-CSharp-Editor.csproj", "{cad607c3-c97d-942e-2373-8a682445d56b}"
EndProject
Global
	GlobalSection(SolutionConfigurationPlatforms) = preSolution
		Debug|Any CPU = Debug|Any CPU
	EndGlobalSection
	GlobalSection(ProjectConfigurationPlatforms) = postSolution
		{aac7be06-b169-bbb5-6853-7532218590f2}.Debug|Any CPU.ActiveCfg = Debug|Any CPU
		{aac7be06-b169-bbb5-6853-7532218590f2}.Debug|Any CPU.Build.0 = Debug|Any CPU
		{9fd4e8ff-663a-0303-9560-8ee4442e52cc}.Debug|Any CPU.ActiveCfg = Debug|Any CPU
		{9fd4e8ff-663a-0303-9560-8ee4442e52cc}.Debug|Any CPU.Build.0 = Debug|Any CPU
		{6be9447e-1a91-93ae-07b5-2aea8b9579ed}.Debug|Any CPU.ActiveCfg = Debug|Any CPU
		{6be9447e-1a91-93ae-07b5-2aea8b9579ed}.Debug|Any CPU.Build.0 = Debug|Any CPU
		{240af3c8-72a4-8022-9dee-e8c8d4098056}.Debug|Any CPU.ActiveCfg = Debug|Any CPU
		{240af3c8-72a4-8022-9dee-e8c8d4098056}.Debug|Any CPU.Build.0 = Debug|Any CPU
		{94b0ed4f-29b7-8885-8564-190cdd411db2}.Debug|Any CPU.ActiveCfg = Debug|Any CPU
		{94b0ed4f-29b7-8885-8564-190cdd411db2}.Debug|Any CPU.Build.0 = Debug|Any CPU
		{0c0f7282-5741-1014-00f8-3146e464cdd4}.Debug|Any CPU.ActiveCfg = Debug|Any CPU
		{0c0f7282-5741-1014-00f8-3146e464cdd4}.Debug|Any CPU.Build.0 = Debug|Any CPU
		{b794ec55-f6bf-4b87-e6cd-bae307ea6dbe}.Debug|Any CPU.ActiveCfg = Debug|Any CPU
		{b794ec55-f6bf-4b87-e6cd-bae307ea6dbe}.Debug|Any CPU.Build.0 = Debug|Any CPU
		{4a7eaf08-9b3d-6d6a-ec38-45b02e9fce60}.Debug|Any CPU.ActiveCfg = Debug|Any CPU
		{4a7eaf08-9b3d-6d6a-ec38-45b02e9fce60}.Debug|Any CPU.Build.0 = Debug|Any CPU
		{6ded94d2-545c-9892-2670-e412d752672a}.Debug|Any CPU.ActiveCfg = Debug|Any CPU
		{6ded94d2-545c-9892-2670-e412d752672a}.Debug|Any CPU.Build.0 = Debug|Any CPU
		{2959f8d1-ac71-21ce-f86a-05ceb107325c}.Debug|Any CPU.ActiveCfg = Debug|Any CPU
		{2959f8d1-ac71-21ce-f86a-05ceb107325c}.Debug|Any CPU.Build.0 = Debug|Any CPU
		{5d591d08-26da-5fa1-c749-42b725da6b01}.Debug|Any CPU.ActiveCfg = Debug|Any CPU
		{5d591d08-26da-5fa1-c749-42b725da6b01}.Debug|Any CPU.Build.0 = Debug|Any CPU
		{a89dff4f-48e5-32c5-fea5-64cc90d66951}.Debug|Any CPU.ActiveCfg = Debug|Any CPU
		{a89dff4f-48e5-32c5-fea5-64cc90d66951}.Debug|Any CPU.Build.0 = Debug|Any CPU
		{312a23c3-57d8-39cb-775e-9d9111c84ede}.Debug|Any CPU.ActiveCfg = Debug|Any CPU
		{312a23c3-57d8-39cb-775e-9d9111c84ede}.Debug|Any CPU.Build.0 = Debug|Any CPU
		{8031a48a-8896-5957-74a3-9f7bf2856227}.Debug|Any CPU.ActiveCfg = Debug|Any CPU
		{8031a48a-8896-5957-74a3-9f7bf2856227}.Debug|Any CPU.Build.0 = Debug|Any CPU
		{685b59fa-0d1f-cfb8-d0ea-157a9341c55b}.Debug|Any CPU.ActiveCfg = Debug|Any CPU
		{685b59fa-0d1f-cfb8-d0ea-157a9341c55b}.Debug|Any CPU.Build.0 = Debug|Any CPU
		{8c8e6e55-9514-9832-bca0-b2dfe1f09afa}.Debug|Any CPU.ActiveCfg = Debug|Any CPU
		{8c8e6e55-9514-9832-bca0-b2dfe1f09afa}.Debug|Any CPU.Build.0 = Debug|Any CPU
		{d0bc9b41-78d3-ea0d-3f03-d2cc33bad13d}.Debug|Any CPU.ActiveCfg = Debug|Any CPU
		{d0bc9b41-78d3-ea0d-3f03-d2cc33bad13d}.Debug|Any CPU.Build.0 = Debug|Any CPU
		{734430ac-2467-b57c-a6ad-6050434eab3b}.Debug|Any CPU.ActiveCfg = Debug|Any CPU
		{734430ac-2467-b57c-a6ad-6050434eab3b}.Debug|Any CPU.Build.0 = Debug|Any CPU
		{cad607c3-c97d-942e-2373-8a682445d56b}.Debug|Any CPU.ActiveCfg = Debug|Any CPU
		{cad607c3-c97d-942e-2373-8a682445d56b}.Debug|Any CPU.Build.0 = Debug|Any CPU
	EndGlobalSection
	GlobalSection(SolutionProperties) = preSolution
		HideSolutionNode = FALSE
	EndGlobalSection
EndGlobal
